
Microsoft Visual Studio Solution File, Format Version 12.00
# Visual Studio Version 16
VisualStudioVersion = 16.0.31019.35
MinimumVisualStudioVersion = 15.0.26124.0
Project("{9A19103F-16F7-4668-BE54-9A1E7A4F7556}") = "shopapp.business", "shopapp.business\shopapp.business.csproj", "{5EF34D68-CFE6-4CAF-819C-CE81B79A64B3}"
EndProject
Project("{9A19103F-16F7-4668-BE54-9A1E7A4F7556}") = "shopapp.data", "shopapp.data\shopapp.data.csproj", "{DF8D291F-C5B9-403A-99AF-A9F0AF07D0CD}"
EndProject
Project("{9A19103F-16F7-4668-BE54-9A1E7A4F7556}") = "shopapp.entity", "shopapp.entity\shopapp.entity.csproj", "{7D76735C-425F-45ED-9494-B2035F2DA2B8}"
EndProject
Project("{9A19103F-16F7-4668-BE54-9A1E7A4F7556}") = "shopapp.webui", "shopapp.webui\shopapp.webui.csproj", "{E2ED91AB-2E36-4A6A-B45C-7D8EC123B6D9}"
EndProject
Global
	GlobalSection(SolutionConfigurationPlatforms) = preSolution
		Debug|Any CPU = Debug|Any CPU
		Debug|x64 = Debug|x64
		Debug|x86 = Debug|x86
		Release|Any CPU = Release|Any CPU
		Release|x64 = Release|x64
		Release|x86 = Release|x86
	EndGlobalSection
	GlobalSection(ProjectConfigurationPlatforms) = postSolution
		{5EF34D68-CFE6-4CAF-819C-CE81B79A64B3}.Debug|Any CPU.ActiveCfg = Debug|Any CPU
		{5EF34D68-CFE6-4CAF-819C-CE81B79A64B3}.Debug|Any CPU.Build.0 = Debug|Any CPU
		{5EF34D68-CFE6-4CAF-819C-CE81B79A64B3}.Debug|x64.ActiveCfg = Debug|Any CPU
		{5EF34D68-CFE6-4CAF-819C-CE81B79A64B3}.Debug|x64.Build.0 = Debug|Any CPU
		{5EF34D68-CFE6-4CAF-819C-CE81B79A64B3}.Debug|x86.ActiveCfg = Debug|Any CPU
		{5EF34D68-CFE6-4CAF-819C-CE81B79A64B3}.Debug|x86.Build.0 = Debug|Any CPU
		{5EF34D68-CFE6-4CAF-819C-CE81B79A64B3}.Release|Any CPU.ActiveCfg = Release|Any CPU
		{5EF34D68-CFE6-4CAF-819C-CE81B79A64B3}.Release|Any CPU.Build.0 = Release|Any CPU
		{5EF34D68-CFE6-4CAF-819C-CE81B79A64B3}.Release|x64.ActiveCfg = Release|Any CPU
		{5EF34D68-CFE6-4CAF-819C-CE81B79A64B3}.Release|x64.Build.0 = Release|Any CPU
		{5EF34D68-CFE6-4CAF-819C-CE81B79A64B3}.Release|x86.ActiveCfg = Release|Any CPU
		{5EF34D68-CFE6-4CAF-819C-CE81B79A64B3}.Release|x86.Build.0 = Release|Any CPU
		{DF8D291F-C5B9-403A-99AF-A9F0AF07D0CD}.Debug|Any CPU.ActiveCfg = Debug|Any CPU
		{DF8D291F-C5B9-403A-99AF-A9F0AF07D0CD}.Debug|Any CPU.Build.0 = Debug|Any CPU
		{DF8D291F-C5B9-403A-99AF-A9F0AF07D0CD}.Debug|x64.ActiveCfg = Debug|Any CPU
		{DF8D291F-C5B9-403A-99AF-A9F0AF07D0CD}.Debug|x64.Build.0 = Debug|Any CPU
		{DF8D291F-C5B9-403A-99AF-A9F0AF07D0CD}.Debug|x86.ActiveCfg = Debug|Any CPU
		{DF8D291F-C5B9-403A-99AF-A9F0AF07D0CD}.Debug|x86.Build.0 = Debug|Any CPU
		{DF8D291F-C5B9-403A-99AF-A9F0AF07D0CD}.Release|Any CPU.ActiveCfg = Release|Any CPU
		{DF8D291F-C5B9-403A-99AF-A9F0AF07D0CD}.Release|Any CPU.Build.0 = Release|Any CPU
		{DF8D291F-C5B9-403A-99AF-A9F0AF07D0CD}.Release|x64.ActiveCfg = Release|Any CPU
		{DF8D291F-C5B9-403A-99AF-A9F0AF07D0CD}.Release|x64.Build.0 = Release|Any CPU
		{DF8D291F-C5B9-403A-99AF-A9F0AF07D0CD}.Release|x86.ActiveCfg = Release|Any CPU
		{DF8D291F-C5B9-403A-99AF-A9F0AF07D0CD}.Release|x86.Build.0 = Release|Any CPU
		{7D76735C-425F-45ED-9494-B2035F2DA2B8}.Debug|Any CPU.ActiveCfg = Debug|Any CPU
		{7D76735C-425F-45ED-9494-B2035F2DA2B8}.Debug|Any CPU.Build.0 = Debug|Any CPU
		{7D76735C-425F-45ED-9494-B2035F2DA2B8}.Debug|x64.ActiveCfg = Debug|Any CPU
		{7D76735C-425F-45ED-9494-B2035F2DA2B8}.Debug|x64.Build.0 = Debug|Any CPU
		{7D76735C-425F-45ED-9494-B2035F2DA2B8}.Debug|x86.ActiveCfg = Debug|Any CPU
		{7D76735C-425F-45ED-9494-B2035F2DA2B8}.Debug|x86.Build.0 = Debug|Any CPU
		{7D76735C-425F-45ED-9494-B2035F2DA2B8}.Release|Any CPU.ActiveCfg = Release|Any CPU
		{7D76735C-425F-45ED-9494-B2035F2DA2B8}.Release|Any CPU.Build.0 = Release|Any CPU
		{7D76735C-425F-45ED-9494-B2035F2DA2B8}.Release|x64.ActiveCfg = Release|Any CPU
		{7D76735C-425F-45ED-9494-B2035F2DA2B8}.Release|x64.Build.0 = Release|Any CPU
		{7D76735C-425F-45ED-9494-B2035F2DA2B8}.Release|x86.ActiveCfg = Release|Any CPU
		{7D76735C-425F-45ED-9494-B2035F2DA2B8}.Release|x86.Build.0 = Release|Any CPU
		{E2ED91AB-2E36-4A6A-B45C-7D8EC123B6D9}.Debug|Any CPU.ActiveCfg = Debug|Any CPU
		{E2ED91AB-2E36-4A6A-B45C-7D8EC123B6D9}.Debug|Any CPU.Build.0 = Debug|Any CPU
		{E2ED91AB-2E36-4A6A-B45C-7D8EC123B6D9}.Debug|x64.ActiveCfg = Debug|Any CPU
		{E2ED91AB-2E36-4A6A-B45C-7D8EC123B6D9}.Debug|x64.Build.0 = Debug|Any CPU
		{E2ED91AB-2E36-4A6A-B45C-7D8EC123B6D9}.Debug|x86.ActiveCfg = Debug|Any CPU
		{E2ED91AB-2E36-4A6A-B45C-7D8EC123B6D9}.Debug|x86.Build.0 = Debug|Any CPU
		{E2ED91AB-2E36-4A6A-B45C-7D8EC123B6D9}.Release|Any CPU.ActiveCfg = Release|Any CPU
		{E2ED91AB-2E36-4A6A-B45C-7D8EC123B6D9}.Release|Any CPU.Build.0 = Release|Any CPU
		{E2ED91AB-2E36-4A6A-B45C-7D8EC123B6D9}.Release|x64.ActiveCfg = Release|Any CPU
		{E2ED91AB-2E36-4A6A-B45C-7D8EC123B6D9}.Release|x64.Build.0 = Release|Any CPU
		{E2ED91AB-2E36-4A6A-B45C-7D8EC123B6D9}.Release|x86.ActiveCfg = Release|Any CPU
		{E2ED91AB-2E36-4A6A-B45C-7D8EC123B6D9}.Release|x86.Build.0 = Release|Any CPU
	EndGlobalSection
	GlobalSection(SolutionProperties) = preSolution
		HideSolutionNode = FALSE
	EndGlobalSection
	GlobalSection(ExtensibilityGlobals) = postSolution
		SolutionGuid = {2378BF5D-FA2E-4FD9-AC85-9705EA344B04}
	EndGlobalSection
EndGlobal
